
Microsoft Visual Studio Solution File, Format Version 12.00
# Visual Studio Version 16
VisualStudioVersion = 16.0.29403.142
MinimumVisualStudioVersion = 10.0.40219.1
Project("{9A19103F-16F7-4668-BE54-9A1E7A4F7556}") = "ReadCsv", "ReadCsvExample\ReadCsv.csproj", "{D175F2AD-0876-4C52-9FD2-8B4E8DE3DAEE}"
EndProject
Global
	GlobalSection(SolutionConfigurationPlatforms) = preSolution
		Debug|Any CPU = Debug|Any CPU
		Release|Any CPU = Release|Any CPU
	EndGlobalSection
	GlobalSection(ProjectConfigurationPlatforms) = postSolution
		{D175F2AD-0876-4C52-9FD2-8B4E8DE3DAEE}.Debug|Any CPU.ActiveCfg = Debug|Any CPU
		{D175F2AD-0876-4C52-9FD2-8B4E8DE3DAEE}.Debug|Any CPU.Build.0 = Debug|Any CPU
		{D175F2AD-0876-4C52-9FD2-8B4E8DE3DAEE}.Release|Any CPU.ActiveCfg = Release|Any CPU
		{D175F2AD-0876-4C52-9FD2-8B4E8DE3DAEE}.Release|Any CPU.Build.0 = Release|Any CPU
	EndGlobalSection
	GlobalSection(SolutionProperties) = preSolution
		HideSolutionNode = FALSE
	EndGlobalSection
	GlobalSection(ExtensibilityGlobals) = postSolution
		SolutionGuid = {DBC34F24-7EC6-440E-95C2-854F87EF9B12}
	EndGlobalSection
EndGlobal
